{
  "name": "mimos-da-dany",
  "version": "1.0.0",
  "lockfileVersion": 3,
  "requires": true,
<<<<<<< HEAD
  "packages": {},
  "scripts": {
    "build": "echo 'Build script executado!'"
  }
=======
  "scripts": {
    "build": "echo 'Build script executado!'"
  },
  "packages": {}
>>>>>>> eec393e (Sincronizar alterações)
}
